
Microsoft Visual Studio Solution File, Format Version 12.00
# Visual Studio Version 17
VisualStudioVersion = 17.2.32526.322
MinimumVisualStudioVersion = 10.0.40219.1
Project("{9A19103F-16F7-4668-BE54-9A1E7A4F7556}") = "Xerp", "Xerp\Xerp.csproj", "{8C85DE92-C32B-4A0B-A7A4-828A9373F34A}"
EndProject
Project("{9A19103F-16F7-4668-BE54-9A1E7A4F7556}") = "Xerp.Core", "Xerp.Core\Xerp.Core.csproj", "{A6283A73-0711-428A-8CAA-CE4E3A00A4EC}"
EndProject
Project("{2150E333-8FDC-42A3-9474-1A3956D46DE8}") = "Solution Items", "Solution Items", "{5D119F4A-67C1-4B82-9318-289BC8E3AB54}"
	ProjectSection(SolutionItems) = preProject
		azure-pipelines.yml = azure-pipelines.yml
		README.md = README.md
	EndProjectSection
EndProject
Project("{9A19103F-16F7-4668-BE54-9A1E7A4F7556}") = "Xerp.Tests", "Xerp.Tests\Xerp.Tests.csproj", "{CD208B38-F1D7-4D6E-9682-184444032D58}"
EndProject
Global
	GlobalSection(SolutionConfigurationPlatforms) = preSolution
		Debug|Any CPU = Debug|Any CPU
		Release|Any CPU = Release|Any CPU
	EndGlobalSection
	GlobalSection(ProjectConfigurationPlatforms) = postSolution
		{8C85DE92-C32B-4A0B-A7A4-828A9373F34A}.Debug|Any CPU.ActiveCfg = Debug|Any CPU
		{8C85DE92-C32B-4A0B-A7A4-828A9373F34A}.Debug|Any CPU.Build.0 = Debug|Any CPU
		{8C85DE92-C32B-4A0B-A7A4-828A9373F34A}.Release|Any CPU.ActiveCfg = Release|Any CPU
		{8C85DE92-C32B-4A0B-A7A4-828A9373F34A}.Release|Any CPU.Build.0 = Release|Any CPU
		{A6283A73-0711-428A-8CAA-CE4E3A00A4EC}.Debug|Any CPU.ActiveCfg = Debug|Any CPU
		{A6283A73-0711-428A-8CAA-CE4E3A00A4EC}.Debug|Any CPU.Build.0 = Debug|Any CPU
		{A6283A73-0711-428A-8CAA-CE4E3A00A4EC}.Release|Any CPU.ActiveCfg = Release|Any CPU
		{A6283A73-0711-428A-8CAA-CE4E3A00A4EC}.Release|Any CPU.Build.0 = Release|Any CPU
		{CD208B38-F1D7-4D6E-9682-184444032D58}.Debug|Any CPU.ActiveCfg = Debug|Any CPU
		{CD208B38-F1D7-4D6E-9682-184444032D58}.Debug|Any CPU.Build.0 = Debug|Any CPU
		{CD208B38-F1D7-4D6E-9682-184444032D58}.Release|Any CPU.ActiveCfg = Release|Any CPU
		{CD208B38-F1D7-4D6E-9682-184444032D58}.Release|Any CPU.Build.0 = Release|Any CPU
	EndGlobalSection
	GlobalSection(SolutionProperties) = preSolution
		HideSolutionNode = FALSE
	EndGlobalSection
	GlobalSection(ExtensibilityGlobals) = postSolution
		SolutionGuid = {8461E4D6-18F6-42F1-A386-4ACDFFC46C16}
	EndGlobalSection
EndGlobal
