
Microsoft Visual Studio Solution File, Format Version 12.00
# Visual Studio Version 17
VisualStudioVersion = 17.2.32526.322
MinimumVisualStudioVersion = 10.0.40219.1
Project("{FAE04EC0-301F-11D3-BF4B-00C04F79EFBC}") = "Xerp", "Xerp\Xerp.csproj", "{8C85DE92-C32B-4A0B-A7A4-828A9373F34A}"
EndProject
Project("{FAE04EC0-301F-11D3-BF4B-00C04F79EFBC}") = "Xerp.Core", "Xerp.Core\Xerp.Core.csproj", "{A6283A73-0711-428A-8CAA-CE4E3A00A4EC}"
EndProject
Global
	GlobalSection(SolutionConfigurationPlatforms) = preSolution
		Debug|Any CPU = Debug|Any CPU
		Release|Any CPU = Release|Any CPU
	EndGlobalSection
	GlobalSection(ProjectConfigurationPlatforms) = postSolution
		{8C85DE92-C32B-4A0B-A7A4-828A9373F34A}.Debug|Any CPU.ActiveCfg = Debug|Any CPU
		{8C85DE92-C32B-4A0B-A7A4-828A9373F34A}.Debug|Any CPU.Build.0 = Debug|Any CPU
		{8C85DE92-C32B-4A0B-A7A4-828A9373F34A}.Release|Any CPU.ActiveCfg = Release|Any CPU
		{8C85DE92-C32B-4A0B-A7A4-828A9373F34A}.Release|Any CPU.Build.0 = Release|Any CPU
		{A6283A73-0711-428A-8CAA-CE4E3A00A4EC}.Debug|Any CPU.ActiveCfg = Debug|Any CPU
		{A6283A73-0711-428A-8CAA-CE4E3A00A4EC}.Debug|Any CPU.Build.0 = Debug|Any CPU
		{A6283A73-0711-428A-8CAA-CE4E3A00A4EC}.Release|Any CPU.ActiveCfg = Release|Any CPU
		{A6283A73-0711-428A-8CAA-CE4E3A00A4EC}.Release|Any CPU.Build.0 = Release|Any CPU
	EndGlobalSection
	GlobalSection(SolutionProperties) = preSolution
		HideSolutionNode = FALSE
	EndGlobalSection
	GlobalSection(ExtensibilityGlobals) = postSolution
		SolutionGuid = {8461E4D6-18F6-42F1-A386-4ACDFFC46C16}
	EndGlobalSection
EndGlobal
